
Microsoft Visual Studio Solution File, Format Version 12.00
# Visual Studio Version 16
VisualStudioVersion = 16.0.30204.135
MinimumVisualStudioVersion = 10.0.40219.1
Project("{FAE04EC0-301F-11D3-BF4B-00C04F79EFBC}") = "StudentSystem.Web", "StudentSystem.Web\StudentSystem.Web.csproj", "{C9072615-C530-4BDA-A274-67249F135FFF}"
EndProject
Project("{FAE04EC0-301F-11D3-BF4B-00C04F79EFBC}") = "StudentsSystem.Data", "StudentsSystem.Data\StudentsSystem.Data.csproj", "{B91B0DFC-8240-4906-9A5B-F6201BEDB8BC}"
EndProject
Global
	GlobalSection(SolutionConfigurationPlatforms) = preSolution
		Debug|Any CPU = Debug|Any CPU
		Release|Any CPU = Release|Any CPU
	EndGlobalSection
	GlobalSection(ProjectConfigurationPlatforms) = postSolution
		{C9072615-C530-4BDA-A274-67249F135FFF}.Debug|Any CPU.ActiveCfg = Debug|Any CPU
		{C9072615-C530-4BDA-A274-67249F135FFF}.Debug|Any CPU.Build.0 = Debug|Any CPU
		{C9072615-C530-4BDA-A274-67249F135FFF}.Release|Any CPU.ActiveCfg = Release|Any CPU
		{C9072615-C530-4BDA-A274-67249F135FFF}.Release|Any CPU.Build.0 = Release|Any CPU
		{B91B0DFC-8240-4906-9A5B-F6201BEDB8BC}.Debug|Any CPU.ActiveCfg = Debug|Any CPU
		{B91B0DFC-8240-4906-9A5B-F6201BEDB8BC}.Debug|Any CPU.Build.0 = Debug|Any CPU
		{B91B0DFC-8240-4906-9A5B-F6201BEDB8BC}.Release|Any CPU.ActiveCfg = Release|Any CPU
		{B91B0DFC-8240-4906-9A5B-F6201BEDB8BC}.Release|Any CPU.Build.0 = Release|Any CPU
	EndGlobalSection
	GlobalSection(SolutionProperties) = preSolution
		HideSolutionNode = FALSE
	EndGlobalSection
	GlobalSection(ExtensibilityGlobals) = postSolution
		SolutionGuid = {8567003D-7FBF-47E2-B2C7-ED6EE322E618}
	EndGlobalSection
EndGlobal
